
Microsoft Visual Studio Solution File, Format Version 12.00
# Visual Studio 14
VisualStudioVersion = 14.0.25420.1
MinimumVisualStudioVersion = 10.0.40219.1
Project("{2150E333-8FDC-42A3-9474-1A3956D46DE8}") = "src", "src", "{DB1BC069-F52E-4EBC-9118-BDBB039EDBAF}"
EndProject
Project("{2150E333-8FDC-42A3-9474-1A3956D46DE8}") = "Solution Items", "Solution Items", "{318C39DF-7124-4F4B-A8E4-A5A670000776}"
	ProjectSection(SolutionItems) = preProject
		global.json = global.json
	EndProjectSection
EndProject
Project("{8BB2217D-0F2D-49D1-97BC-3654ED321F3B}") = "AcademySample", "src\AcademySample\AcademySample.xproj", "{FC1BE8D7-D555-468E-813C-C6DDA40EA1DC}"
EndProject
Project("{8BB2217D-0F2D-49D1-97BC-3654ED321F3B}") = "SampleConsole", "src\SampleConsole\SampleConsole.xproj", "{BBB88C2A-3B28-4BC6-9576-A6E69DE22A87}"
EndProject
Global
	GlobalSection(SolutionConfigurationPlatforms) = preSolution
		Debug|Any CPU = Debug|Any CPU
		Release|Any CPU = Release|Any CPU
	EndGlobalSection
	GlobalSection(ProjectConfigurationPlatforms) = postSolution
		{FC1BE8D7-D555-468E-813C-C6DDA40EA1DC}.Debug|Any CPU.ActiveCfg = Debug|Any CPU
		{FC1BE8D7-D555-468E-813C-C6DDA40EA1DC}.Debug|Any CPU.Build.0 = Debug|Any CPU
		{FC1BE8D7-D555-468E-813C-C6DDA40EA1DC}.Release|Any CPU.ActiveCfg = Release|Any CPU
		{FC1BE8D7-D555-468E-813C-C6DDA40EA1DC}.Release|Any CPU.Build.0 = Release|Any CPU
		{BBB88C2A-3B28-4BC6-9576-A6E69DE22A87}.Debug|Any CPU.ActiveCfg = Debug|Any CPU
		{BBB88C2A-3B28-4BC6-9576-A6E69DE22A87}.Debug|Any CPU.Build.0 = Debug|Any CPU
		{BBB88C2A-3B28-4BC6-9576-A6E69DE22A87}.Release|Any CPU.ActiveCfg = Release|Any CPU
		{BBB88C2A-3B28-4BC6-9576-A6E69DE22A87}.Release|Any CPU.Build.0 = Release|Any CPU
	EndGlobalSection
	GlobalSection(SolutionProperties) = preSolution
		HideSolutionNode = FALSE
	EndGlobalSection
	GlobalSection(NestedProjects) = preSolution
		{FC1BE8D7-D555-468E-813C-C6DDA40EA1DC} = {DB1BC069-F52E-4EBC-9118-BDBB039EDBAF}
		{BBB88C2A-3B28-4BC6-9576-A6E69DE22A87} = {DB1BC069-F52E-4EBC-9118-BDBB039EDBAF}
	EndGlobalSection
EndGlobal
